{
  "name": "nonametitan_game",
  "version": "0.0.2",
  "lockfileVersion": 1,
  "requires": true,
  "dependencies": {
    "nonametitan_toolkit": {
      "version": "1.0.9",
      "resolved": "https://registry.npmjs.org/nonametitan_toolkit/-/nonametitan_toolkit-1.0.9.tgz",
      "integrity": "sha512-Wenu9MS63cfJQTuBW704pA6PRNhZwpyK3+FX6jsLwwxvQxO1eWAogT0M2We/+S3YniE53ueJO6y+NOzHy/wkVQ=="
    }
  }
}
